// !$*UTF8*$!
{
	archiveVersion = 1;
	classes = {
	};
	objectVersion = 50;
	objects = {

/* Begin PBXBuildFile section */
		6DD11E6B2154987109971865 /* Pods_Swift_ProjectUITests.framework in Frameworks */ = {isa = PBXBuildFile; fileRef = 9544438AEBACA105D8385027 /* Pods_Swift_ProjectUITests.framework */; };
		89D688E50C17513F8B0DE4AF /* Pods_Swift_ProjectTests.framework in Frameworks */ = {isa = PBXBuildFile; fileRef = 105102EBA0D4D91798A06DFC /* Pods_Swift_ProjectTests.framework */; };
		CE2887B1861050C12C37AFA2 /* Pods_Swift_Project.framework in Frameworks */ = {isa = PBXBuildFile; fileRef = 0DACE95E630BECA4E31A194D /* Pods_Swift_Project.framework */; };
		E0864DDC21549C1200C951CB /* AppDelegate.swift in Sources */ = {isa = PBXBuildFile; fileRef = E0864DDB21549C1200C951CB /* AppDelegate.swift */; };
		E0864DDE21549C1200C951CB /* ViewController.swift in Sources */ = {isa = PBXBuildFile; fileRef = E0864DDD21549C1200C951CB /* ViewController.swift */; };
		E0864DE121549C1200C951CB /* Main.storyboard in Resources */ = {isa = PBXBuildFile; fileRef = E0864DDF21549C1200C951CB /* Main.storyboard */; };
		E0864DE321549C1500C951CB /* Assets.xcassets in Resources */ = {isa = PBXBuildFile; fileRef = E0864DE221549C1500C951CB /* Assets.xcassets */; };
		E0864DE621549C1500C951CB /* LaunchScreen.storyboard in Resources */ = {isa = PBXBuildFile; fileRef = E0864DE421549C1500C951CB /* LaunchScreen.storyboard */; };
		E0864DF121549C1500C951CB /* Swift_ProjectTests.swift in Sources */ = {isa = PBXBuildFile; fileRef = E0864DF021549C1500C951CB /* Swift_ProjectTests.swift */; };
		E0864DFC21549C1500C951CB /* Swift_ProjectUITests.swift in Sources */ = {isa = PBXBuildFile; fileRef = E0864DFB21549C1500C951CB /* Swift_ProjectUITests.swift */; };
/* End PBXBuildFile section */

/* Begin PBXContainerItemProxy section */
		E0864DED21549C1500C951CB /* PBXContainerItemProxy */ = {
			isa = PBXContainerItemProxy;
			containerPortal = E0864DD021549C1200C951CB /* Project object */;
			proxyType = 1;
			remoteGlobalIDString = E0864DD721549C1200C951CB;
			remoteInfo = Swift_Project;
		};
		E0864DF821549C1500C951CB /* PBXContainerItemProxy */ = {
			isa = PBXContainerItemProxy;
			containerPortal = E0864DD021549C1200C951CB /* Project object */;
			proxyType = 1;
			remoteGlobalIDString = E0864DD721549C1200C951CB;
			remoteInfo = Swift_Project;
		};
/* End PBXContainerItemProxy section */

/* Begin PBXFileReference section */
		0DACE95E630BECA4E31A194D /* Pods_Swift_Project.framework */ = {isa = PBXFileReference; explicitFileType = wrapper.framework; includeInIndex = 0; path = Pods_Swift_Project.framework; sourceTree = BUILT_PRODUCTS_DIR; };
		105102EBA0D4D91798A06DFC /* Pods_Swift_ProjectTests.framework */ = {isa = PBXFileReference; explicitFileType = wrapper.framework; includeInIndex = 0; path = Pods_Swift_ProjectTests.framework; sourceTree = BUILT_PRODUCTS_DIR; };
		2D175C8CC9EFB7AD15C3A56F /* Pods-Swift_ProjectTests.debug.xcconfig */ = {isa = PBXFileReference; includeInIndex = 1; lastKnownFileType = text.xcconfig; name = "Pods-Swift_ProjectTests.debug.xcconfig"; path = "Pods/Target Support Files/Pods-Swift_ProjectTests/Pods-Swift_ProjectTests.debug.xcconfig"; sourceTree = "<group>"; };
		3BC3332FD2268143FFB89AEE /* Pods-Swift_Project.release.xcconfig */ = {isa = PBXFileReference; includeInIndex = 1; lastKnownFileType = text.xcconfig; name = "Pods-Swift_Project.release.xcconfig"; path = "Pods/Target Support Files/Pods-Swift_Project/Pods-Swift_Project.release.xcconfig"; sourceTree = "<group>"; };
		500CC4BBB9D237F9E25C64DE /* Pods-Swift_ProjectUITests.release.xcconfig */ = {isa = PBXFileReference; includeInIndex = 1; lastKnownFileType = text.xcconfig; name = "Pods-Swift_ProjectUITests.release.xcconfig"; path = "Pods/Target Support Files/Pods-Swift_ProjectUITests/Pods-Swift_ProjectUITests.release.xcconfig"; sourceTree = "<group>"; };
		72D7FFD5CD5BFE86C57A9D48 /* Pods-Swift_ProjectTests.release.xcconfig */ = {isa = PBXFileReference; includeInIndex = 1; lastKnownFileType = text.xcconfig; name = "Pods-Swift_ProjectTests.release.xcconfig"; path = "Pods/Target Support Files/Pods-Swift_ProjectTests/Pods-Swift_ProjectTests.release.xcconfig"; sourceTree = "<group>"; };
		9544438AEBACA105D8385027 /* Pods_Swift_ProjectUITests.framework */ = {isa = PBXFileReference; explicitFileType = wrapper.framework; includeInIndex = 0; path = Pods_Swift_ProjectUITests.framework; sourceTree = BUILT_PRODUCTS_DIR; };
		E0864DD821549C1200C951CB /* Swift_Project.app */ = {isa = PBXFileReference; explicitFileType = wrapper.application; includeInIndex = 0; path = Swift_Project.app; sourceTree = BUILT_PRODUCTS_DIR; };
		E0864DDB21549C1200C951CB /* AppDelegate.swift */ = {isa = PBXFileReference; lastKnownFileType = sourcecode.swift; path = AppDelegate.swift; sourceTree = "<group>"; };
		E0864DDD21549C1200C951CB /* ViewController.swift */ = {isa = PBXFileReference; lastKnownFileType = sourcecode.swift; path = ViewController.swift; sourceTree = "<group>"; };
		E0864DE021549C1200C951CB /* Base */ = {isa = PBXFileReference; lastKnownFileType = file.storyboard; name = Base; path = Base.lproj/Main.storyboard; sourceTree = "<group>"; };
		E0864DE221549C1500C951CB /* Assets.xcassets */ = {isa = PBXFileReference; lastKnownFileType = folder.assetcatalog; path = Assets.xcassets; sourceTree = "<group>"; };
		E0864DE521549C1500C951CB /* Base */ = {isa = PBXFileReference; lastKnownFileType = file.storyboard; name = Base; path = Base.lproj/LaunchScreen.storyboard; sourceTree = "<group>"; };
		E0864DE721549C1500C951CB /* Info.plist */ = {isa = PBXFileReference; lastKnownFileType = text.plist.xml; path = Info.plist; sourceTree = "<group>"; };
		E0864DEC21549C1500C951CB /* Swift_ProjectTests.xctest */ = {isa = PBXFileReference; explicitFileType = wrapper.cfbundle; includeInIndex = 0; path = Swift_ProjectTests.xctest; sourceTree = BUILT_PRODUCTS_DIR; };
		E0864DF021549C1500C951CB /* Swift_ProjectTests.swift */ = {isa = PBXFileReference; lastKnownFileType = sourcecode.swift; path = Swift_ProjectTests.swift; sourceTree = "<group>"; };
		E0864DF221549C1500C951CB /* Info.plist */ = {isa = PBXFileReference; lastKnownFileType = text.plist.xml; path = Info.plist; sourceTree = "<group>"; };
		E0864DF721549C1500C951CB /* Swift_ProjectUITests.xctest */ = {isa = PBXFileReference; explicitFileType = wrapper.cfbundle; includeInIndex = 0; path = Swift_ProjectUITests.xctest; sourceTree = BUILT_PRODUCTS_DIR; };
		E0864DFB21549C1500C951CB /* Swift_ProjectUITests.swift */ = {isa = PBXFileReference; lastKnownFileType = sourcecode.swift; path = Swift_ProjectUITests.swift; sourceTree = "<group>"; };
		E0864DFD21549C1500C951CB /* Info.plist */ = {isa = PBXFileReference; lastKnownFileType = text.plist.xml; path = Info.plist; sourceTree = "<group>"; };
		F74BE8D5428CDA894277FD87 /* Pods-Swift_Project.debug.xcconfig */ = {isa = PBXFileReference; includeInIndex = 1; lastKnownFileType = text.xcconfig; name = "Pods-Swift_Project.debug.xcconfig"; path = "Pods/Target Support Files/Pods-Swift_Project/Pods-Swift_Project.debug.xcconfig"; sourceTree = "<group>"; };
		FC3967F8037C05D23C0369F0 /* Pods-Swift_ProjectUITests.debug.xcconfig */ = {isa = PBXFileReference; includeInIndex = 1; lastKnownFileType = text.xcconfig; name = "Pods-Swift_ProjectUITests.debug.xcconfig"; path = "Pods/Target Support Files/Pods-Swift_ProjectUITests/Pods-Swift_ProjectUITests.debug.xcconfig"; sourceTree = "<group>"; };
/* End PBXFileReference section */

/* Begin PBXFrameworksBuildPhase section */
		E0864DD521549C1200C951CB /* Frameworks */ = {
			isa = PBXFrameworksBuildPhase;
			buildActionMask = 2147483647;
			files = (
				CE2887B1861050C12C37AFA2 /* Pods_Swift_Project.framework in Frameworks */,
			);
			runOnlyForDeploymentPostprocessing = 0;
		};
		E0864DE921549C1500C951CB /* Frameworks */ = {
			isa = PBXFrameworksBuildPhase;
			buildActionMask = 2147483647;
			files = (
				89D688E50C17513F8B0DE4AF /* Pods_Swift_ProjectTests.framework in Frameworks */,
			);
			runOnlyForDeploymentPostprocessing = 0;
		};
		E0864DF421549C1500C951CB /* Frameworks */ = {
			isa = PBXFrameworksBuildPhase;
			buildActionMask = 2147483647;
			files = (
				6DD11E6B2154987109971865 /* Pods_Swift_ProjectUITests.framework in Frameworks */,
			);
			runOnlyForDeploymentPostprocessing = 0;
		};
/* End PBXFrameworksBuildPhase section */

/* Begin PBXGroup section */
		4F033C261AE39CED09DDE4D2 /* Pods */ = {
			isa = PBXGroup;
			children = (
				F74BE8D5428CDA894277FD87 /* Pods-Swift_Project.debug.xcconfig */,
				3BC3332FD2268143FFB89AEE /* Pods-Swift_Project.release.xcconfig */,
				2D175C8CC9EFB7AD15C3A56F /* Pods-Swift_ProjectTests.debug.xcconfig */,
				72D7FFD5CD5BFE86C57A9D48 /* Pods-Swift_ProjectTests.release.xcconfig */,
				FC3967F8037C05D23C0369F0 /* Pods-Swift_ProjectUITests.debug.xcconfig */,
				500CC4BBB9D237F9E25C64DE /* Pods-Swift_ProjectUITests.release.xcconfig */,
			);
			name = Pods;
			sourceTree = "<group>";
		};
		E0864DCF21549C1200C951CB = {
			isa = PBXGroup;
			children = (
				E0864DDA21549C1200C951CB /* Swift_Project */,
				E0864DEF21549C1500C951CB /* Swift_ProjectTests */,
				E0864DFA21549C1500C951CB /* Swift_ProjectUITests */,
				E0864DD921549C1200C951CB /* Products */,
				4F033C261AE39CED09DDE4D2 /* Pods */,
				E28A29BDCEA85850B75275B4 /* Frameworks */,
			);
			sourceTree = "<group>";
		};
		E0864DD921549C1200C951CB /* Products */ = {
			isa = PBXGroup;
			children = (
				E0864DD821549C1200C951CB /* Swift_Project.app */,
				E0864DEC21549C1500C951CB /* Swift_ProjectTests.xctest */,
				E0864DF721549C1500C951CB /* Swift_ProjectUITests.xctest */,
			);
			name = Products;
			sourceTree = "<group>";
		};
		E0864DDA21549C1200C951CB /* Swift_Project */ = {
			isa = PBXGroup;
			children = (
				E0864DDB21549C1200C951CB /* AppDelegate.swift */,
				E0864DDD21549C1200C951CB /* ViewController.swift */,
				E0864DDF21549C1200C951CB /* Main.storyboard */,
				E0864DE221549C1500C951CB /* Assets.xcassets */,
				E0864DE421549C1500C951CB /* LaunchScreen.storyboard */,
				E0864DE721549C1500C951CB /* Info.plist */,
			);
			path = Swift_Project;
			sourceTree = "<group>";
		};
		E0864DEF21549C1500C951CB /* Swift_ProjectTests */ = {
			isa = PBXGroup;
			children = (
				E0864DF021549C1500C951CB /* Swift_ProjectTests.swift */,
				E0864DF221549C1500C951CB /* Info.plist */,
			);
			path = Swift_ProjectTests;
			sourceTree = "<group>";
		};
		E0864DFA21549C1500C951CB /* Swift_ProjectUITests */ = {
			isa = PBXGroup;
			children = (
				E0864DFB21549C1500C951CB /* Swift_ProjectUITests.swift */,
				E0864DFD21549C1500C951CB /* Info.plist */,
			);
			path = Swift_ProjectUITests;
			sourceTree = "<group>";
		};
		E28A29BDCEA85850B75275B4 /* Frameworks */ = {
			isa = PBXGroup;
			children = (
				0DACE95E630BECA4E31A194D /* Pods_Swift_Project.framework */,
				105102EBA0D4D91798A06DFC /* Pods_Swift_ProjectTests.framework */,
				9544438AEBACA105D8385027 /* Pods_Swift_ProjectUITests.framework */,
			);
			name = Frameworks;
			sourceTree = "<group>";
		};
/* End PBXGroup section */

/* Begin PBXNativeTarget section */
		E0864DD721549C1200C951CB /* Swift_Project */ = {
			isa = PBXNativeTarget;
			buildConfigurationList = E0864E0021549C1500C951CB /* Build configuration list for PBXNativeTarget "Swift_Project" */;
			buildPhases = (
				9EE833A5FE1763D92C1D6649 /* [CP] Check Pods Manifest.lock */,
				E0864DD421549C1200C951CB /* Sources */,
				E0864DD521549C1200C951CB /* Frameworks */,
				E0864DD621549C1200C951CB /* Resources */,
				FD5D4A8A58E3AFF2CBE2EDD5 /* [CP] Embed Pods Frameworks */,
			);
			buildRules = (
			);
			dependencies = (
			);
			name = Swift_Project;
			productName = Swift_Project;
			productReference = E0864DD821549C1200C951CB /* Swift_Project.app */;
			productType = "com.apple.product-type.application";
		};
		E0864DEB21549C1500C951CB /* Swift_ProjectTests */ = {
			isa = PBXNativeTarget;
			buildConfigurationList = E0864E0321549C1500C951CB /* Build configuration list for PBXNativeTarget "Swift_ProjectTests" */;
			buildPhases = (
				9F54583BBEA7DD519B8B4938 /* [CP] Check Pods Manifest.lock */,
				E0864DE821549C1500C951CB /* Sources */,
				E0864DE921549C1500C951CB /* Frameworks */,
				E0864DEA21549C1500C951CB /* Resources */,
			);
			buildRules = (
			);
			dependencies = (
				E0864DEE21549C1500C951CB /* PBXTargetDependency */,
			);
			name = Swift_ProjectTests;
			productName = Swift_ProjectTests;
			productReference = E0864DEC21549C1500C951CB /* Swift_ProjectTests.xctest */;
			productType = "com.apple.product-type.bundle.unit-test";
		};
		E0864DF621549C1500C951CB /* Swift_ProjectUITests */ = {
			isa = PBXNativeTarget;
			buildConfigurationList = E0864E0621549C1500C951CB /* Build configuration list for PBXNativeTarget "Swift_ProjectUITests" */;
			buildPhases = (
				DB4210CA048D7CB788D6CD56 /* [CP] Check Pods Manifest.lock */,
				E0864DF321549C1500C951CB /* Sources */,
				E0864DF421549C1500C951CB /* Frameworks */,
				E0864DF521549C1500C951CB /* Resources */,
			);
			buildRules = (
			);
			dependencies = (
				E0864DF921549C1500C951CB /* PBXTargetDependency */,
			);
			name = Swift_ProjectUITests;
			productName = Swift_ProjectUITests;
			productReference = E0864DF721549C1500C951CB /* Swift_ProjectUITests.xctest */;
			productType = "com.apple.product-type.bundle.ui-testing";
		};
/* End PBXNativeTarget section */

/* Begin PBXProject section */
		E0864DD021549C1200C951CB /* Project object */ = {
			isa = PBXProject;
			attributes = {
				LastSwiftUpdateCheck = 0940;
				LastUpgradeCheck = 0940;
				ORGANIZATIONNAME = HongpengYu;
				TargetAttributes = {
					E0864DD721549C1200C951CB = {
						CreatedOnToolsVersion = 9.4.1;
					};
					E0864DEB21549C1500C951CB = {
						CreatedOnToolsVersion = 9.4.1;
						TestTargetID = E0864DD721549C1200C951CB;
					};
					E0864DF621549C1500C951CB = {
						CreatedOnToolsVersion = 9.4.1;
						TestTargetID = E0864DD721549C1200C951CB;
					};
				};
			};
			buildConfigurationList = E0864DD321549C1200C951CB /* Build configuration list for PBXProject "Swift_Project" */;
			compatibilityVersion = "Xcode 9.3";
			developmentRegion = en;
			hasScannedForEncodings = 0;
			knownRegions = (
				en,
				Base,
			);
			mainGroup = E0864DCF21549C1200C951CB;
			productRefGroup = E0864DD921549C1200C951CB /* Products */;
			projectDirPath = "";
			projectRoot = "";
			targets = (
				E0864DD721549C1200C951CB /* Swift_Project */,
				E0864DEB21549C1500C951CB /* Swift_ProjectTests */,
				E0864DF621549C1500C951CB /* Swift_ProjectUITests */,
			);
		};
/* End PBXProject section */

/* Begin PBXResourcesBuildPhase section */
		E0864DD621549C1200C951CB /* Resources */ = {
			isa = PBXResourcesBuildPhase;
			buildActionMask = 2147483647;
			files = (
				E0864DE621549C1500C951CB /* LaunchScreen.storyboard in Resources */,
				E0864DE321549C1500C951CB /* Assets.xcassets in Resources */,
				E0864DE121549C1200C951CB /* Main.storyboard in Resources */,
			);
			runOnlyForDeploymentPostprocessing = 0;
		};
		E0864DEA21549C1500C951CB /* Resources */ = {
			isa = PBXResourcesBuildPhase;
			buildActionMask = 2147483647;
			files = (
			);
			runOnlyForDeploymentPostprocessing = 0;
		};
		E0864DF521549C1500C951CB /* Resources */ = {
			isa = PBXResourcesBuildPhase;
			buildActionMask = 2147483647;
			files = (
			);
			runOnlyForDeploymentPostprocessing = 0;
		};
/* End PBXResourcesBuildPhase section */

/* Begin PBXShellScriptBuildPhase section */
		9EE833A5FE1763D92C1D6649 /* [CP] Check Pods Manifest.lock */ = {
			isa = PBXShellScriptBuildPhase;
			buildActionMask = 2147483647;
			files = (
			);
			inputPaths = (
				"${PODS_PODFILE_DIR_PATH}/Podfile.lock",
				"${PODS_ROOT}/Manifest.lock",
			);
			name = "[CP] Check Pods Manifest.lock";
			outputPaths = (
				"$(DERIVED_FILE_DIR)/Pods-Swift_Project-checkManifestLockResult.txt",
			);
			runOnlyForDeploymentPostprocessing = 0;
			shellPath = /bin/sh;
			shellScript = "diff \"${PODS_PODFILE_DIR_PATH}/Podfile.lock\" \"${PODS_ROOT}/Manifest.lock\" > /dev/null\nif [ $? != 0 ] ; then\n    # print error to STDERR\n    echo \"error: The sandbox is not in sync with the Podfile.lock. Run 'pod install' or update your CocoaPods installation.\" >&2\n    exit 1\nfi\n# This output is used by Xcode 'outputs' to avoid re-running this script phase.\necho \"SUCCESS\" > \"${SCRIPT_OUTPUT_FILE_0}\"\n";
			showEnvVarsInLog = 0;
		};
		9F54583BBEA7DD519B8B4938 /* [CP] Check Pods Manifest.lock */ = {
			isa = PBXShellScriptBuildPhase;
			buildActionMask = 2147483647;
			files = (
			);
			inputPaths = (
				"${PODS_PODFILE_DIR_PATH}/Podfile.lock",
				"${PODS_ROOT}/Manifest.lock",
			);
			name = "[CP] Check Pods Manifest.lock";
			outputPaths = (
				"$(DERIVED_FILE_DIR)/Pods-Swift_ProjectTests-checkManifestLockResult.txt",
			);
			runOnlyForDeploymentPostprocessing = 0;
			shellPath = /bin/sh;
			shellScript = "diff \"${PODS_PODFILE_DIR_PATH}/Podfile.lock\" \"${PODS_ROOT}/Manifest.lock\" > /dev/null\nif [ $? != 0 ] ; then\n    # print error to STDERR\n    echo \"error: The sandbox is not in sync with the Podfile.lock. Run 'pod install' or update your CocoaPods installation.\" >&2\n    exit 1\nfi\n# This output is used by Xcode 'outputs' to avoid re-running this script phase.\necho \"SUCCESS\" > \"${SCRIPT_OUTPUT_FILE_0}\"\n";
			showEnvVarsInLog = 0;
		};
		DB4210CA048D7CB788D6CD56 /* [CP] Check Pods Manifest.lock */ = {
			isa = PBXShellScriptBuildPhase;
			buildActionMask = 2147483647;
			files = (
			);
			inputPaths = (
				"${PODS_PODFILE_DIR_PATH}/Podfile.lock",
				"${PODS_ROOT}/Manifest.lock",
			);
			name = "[CP] Check Pods Manifest.lock";
			outputPaths = (
				"$(DERIVED_FILE_DIR)/Pods-Swift_ProjectUITests-checkManifestLockResult.txt",
			);
			runOnlyForDeploymentPostprocessing = 0;
			shellPath = /bin/sh;
			shellScript = "diff \"${PODS_PODFILE_DIR_PATH}/Podfile.lock\" \"${PODS_ROOT}/Manifest.lock\" > /dev/null\nif [ $? != 0 ] ; then\n    # print error to STDERR\n    echo \"error: The sandbox is not in sync with the Podfile.lock. Run 'pod install' or update your CocoaPods installation.\" >&2\n    exit 1\nfi\n# This output is used by Xcode 'outputs' to avoid re-running this script phase.\necho \"SUCCESS\" > \"${SCRIPT_OUTPUT_FILE_0}\"\n";
			showEnvVarsInLog = 0;
		};
		FD5D4A8A58E3AFF2CBE2EDD5 /* [CP] Embed Pods Frameworks */ = {
			isa = PBXShellScriptBuildPhase;
			buildActionMask = 2147483647;
			files = (
			);
			inputPaths = (
				"${SRCROOT}/Pods/Target Support Files/Pods-Swift_Project/Pods-Swift_Project-frameworks.sh",
				"${BUILT_PRODUCTS_DIR}/Alamofire/Alamofire.framework",
				"${BUILT_PRODUCTS_DIR}/FSCalendar/FSCalendar.framework",
				"${BUILT_PRODUCTS_DIR}/Hue/Hue.framework",
				"${BUILT_PRODUCTS_DIR}/Moya/Moya.framework",
				"${BUILT_PRODUCTS_DIR}/R.swift.Library/Rswift.framework",
				"${BUILT_PRODUCTS_DIR}/Result/Result.framework",
				"${BUILT_PRODUCTS_DIR}/RxSwift/RxSwift.framework",
				"${BUILT_PRODUCTS_DIR}/SVProgressHUD/SVProgressHUD.framework",
				"${BUILT_PRODUCTS_DIR}/SnapKit/SnapKit.framework",
				"${BUILT_PRODUCTS_DIR}/SwiftyJSON/SwiftyJSON.framework",
			);
			name = "[CP] Embed Pods Frameworks";
			outputPaths = (
				"${TARGET_BUILD_DIR}/${FRAMEWORKS_FOLDER_PATH}/Alamofire.framework",
				"${TARGET_BUILD_DIR}/${FRAMEWORKS_FOLDER_PATH}/FSCalendar.framework",
				"${TARGET_BUILD_DIR}/${FRAMEWORKS_FOLDER_PATH}/Hue.framework",
				"${TARGET_BUILD_DIR}/${FRAMEWORKS_FOLDER_PATH}/Moya.framework",
				"${TARGET_BUILD_DIR}/${FRAMEWORKS_FOLDER_PATH}/Rswift.framework",
				"${TARGET_BUILD_DIR}/${FRAMEWORKS_FOLDER_PATH}/Result.framework",
				"${TARGET_BUILD_DIR}/${FRAMEWORKS_FOLDER_PATH}/RxSwift.framework",
				"${TARGET_BUILD_DIR}/${FRAMEWORKS_FOLDER_PATH}/SVProgressHUD.framework",
				"${TARGET_BUILD_DIR}/${FRAMEWORKS_FOLDER_PATH}/SnapKit.framework",
				"${TARGET_BUILD_DIR}/${FRAMEWORKS_FOLDER_PATH}/SwiftyJSON.framework",
			);
			runOnlyForDeploymentPostprocessing = 0;
			shellPath = /bin/sh;
			shellScript = "\"${SRCROOT}/Pods/Target Support Files/Pods-Swift_Project/Pods-Swift_Project-frameworks.sh\"\n";
			showEnvVarsInLog = 0;
		};
/* End PBXShellScriptBuildPhase section */

/* Begin PBXSourcesBuildPhase section */
		E0864DD421549C1200C951CB /* Sources */ = {
			isa = PBXSourcesBuildPhase;
			buildActionMask = 2147483647;
			files = (
				E0864DDE21549C1200C951CB /* ViewController.swift in Sources */,
				E0864DDC21549C1200C951CB /* AppDelegate.swift in Sources */,
			);
			runOnlyForDeploymentPostprocessing = 0;
		};
		E0864DE821549C1500C951CB /* Sources */ = {
			isa = PBXSourcesBuildPhase;
			buildActionMask = 2147483647;
			files = (
				E0864DF121549C1500C951CB /* Swift_ProjectTests.swift in Sources */,
			);
			runOnlyForDeploymentPostprocessing = 0;
		};
		E0864DF321549C1500C951CB /* Sources */ = {
			isa = PBXSourcesBuildPhase;
			buildActionMask = 2147483647;
			files = (
				E0864DFC21549C1500C951CB /* Swift_ProjectUITests.swift in Sources */,
			);
			runOnlyForDeploymentPostprocessing = 0;
		};
/* End PBXSourcesBuildPhase section */

/* Begin PBXTargetDependency section */
		E0864DEE21549C1500C951CB /* PBXTargetDependency */ = {
			isa = PBXTargetDependency;
			target = E0864DD721549C1200C951CB /* Swift_Project */;
			targetProxy = E0864DED21549C1500C951CB /* PBXContainerItemProxy */;
		};
		E0864DF921549C1500C951CB /* PBXTargetDependency */ = {
			isa = PBXTargetDependency;
			target = E0864DD721549C1200C951CB /* Swift_Project */;
			targetProxy = E0864DF821549C1500C951CB /* PBXContainerItemProxy */;
		};
/* End PBXTargetDependency section */

/* Begin PBXVariantGroup section */
		E0864DDF21549C1200C951CB /* Main.storyboard */ = {
			isa = PBXVariantGroup;
			children = (
				E0864DE021549C1200C951CB /* Base */,
			);
			name = Main.storyboard;
			sourceTree = "<group>";
		};
		E0864DE421549C1500C951CB /* LaunchScreen.storyboard */ = {
			isa = PBXVariantGroup;
			children = (
				E0864DE521549C1500C951CB /* Base */,
			);
			name = LaunchScreen.storyboard;
			sourceTree = "<group>";
		};
/* End PBXVariantGroup section */

/* Begin XCBuildConfiguration section */
		E0864DFE21549C1500C951CB /* Debug */ = {
			isa = XCBuildConfiguration;
			buildSettings = {
				ALWAYS_SEARCH_USER_PATHS = NO;
				CLANG_ANALYZER_NONNULL = YES;
				CLANG_ANALYZER_NUMBER_OBJECT_CONVERSION = YES_AGGRESSIVE;
				CLANG_CXX_LANGUAGE_STANDARD = "gnu++14";
				CLANG_CXX_LIBRARY = "libc++";
				CLANG_ENABLE_MODULES = YES;
				CLANG_ENABLE_OBJC_ARC = YES;
				CLANG_ENABLE_OBJC_WEAK = YES;
				CLANG_WARN_BLOCK_CAPTURE_AUTORELEASING = YES;
				CLANG_WARN_BOOL_CONVERSION = YES;
				CLANG_WARN_COMMA = YES;
				CLANG_WARN_CONSTANT_CONVERSION = YES;
				CLANG_WARN_DEPRECATED_OBJC_IMPLEMENTATIONS = YES;
				CLANG_WARN_DIRECT_OBJC_ISA_USAGE = YES_ERROR;
				CLANG_WARN_DOCUMENTATION_COMMENTS = YES;
				CLANG_WARN_EMPTY_BODY = YES;
				CLANG_WARN_ENUM_CONVERSION = YES;
				CLANG_WARN_INFINITE_RECURSION = YES;
				CLANG_WARN_INT_CONVERSION = YES;
				CLANG_WARN_NON_LITERAL_NULL_CONVERSION = YES;
				CLANG_WARN_OBJC_IMPLICIT_RETAIN_SELF = YES;
				CLANG_WARN_OBJC_LITERAL_CONVERSION = YES;
				CLANG_WARN_OBJC_ROOT_CLASS = YES_ERROR;
				CLANG_WARN_RANGE_LOOP_ANALYSIS = YES;
				CLANG_WARN_STRICT_PROTOTYPES = YES;
				CLANG_WARN_SUSPICIOUS_MOVE = YES;
				CLANG_WARN_UNGUARDED_AVAILABILITY = YES_AGGRESSIVE;
				CLANG_WARN_UNREACHABLE_CODE = YES;
				CLANG_WARN__DUPLICATE_METHOD_MATCH = YES;
				CODE_SIGN_IDENTITY = "iPhone Developer";
				COPY_PHASE_STRIP = NO;
				DEBUG_INFORMATION_FORMAT = dwarf;
				ENABLE_STRICT_OBJC_MSGSEND = YES;
				ENABLE_TESTABILITY = YES;
				GCC_C_LANGUAGE_STANDARD = gnu11;
				GCC_DYNAMIC_NO_PIC = NO;
				GCC_NO_COMMON_BLOCKS = YES;
				GCC_OPTIMIZATION_LEVEL = 0;
				GCC_PREPROCESSOR_DEFINITIONS = (
					"DEBUG=1",
					"$(inherited)",
				);
				GCC_WARN_64_TO_32_BIT_CONVERSION = YES;
				GCC_WARN_ABOUT_RETURN_TYPE = YES_ERROR;
				GCC_WARN_UNDECLARED_SELECTOR = YES;
				GCC_WARN_UNINITIALIZED_AUTOS = YES_AGGRESSIVE;
				GCC_WARN_UNUSED_FUNCTION = YES;
				GCC_WARN_UNUSED_VARIABLE = YES;
				IPHONEOS_DEPLOYMENT_TARGET = 11.4;
				MTL_ENABLE_DEBUG_INFO = YES;
				ONLY_ACTIVE_ARCH = YES;
				SDKROOT = iphoneos;
				SWIFT_ACTIVE_COMPILATION_CONDITIONS = DEBUG;
				SWIFT_OPTIMIZATION_LEVEL = "-Onone";
			};
			name = Debug;
		};
		E0864DFF21549C1500C951CB /* Release */ = {
			isa = XCBuildConfiguration;
			buildSettings = {
				ALWAYS_SEARCH_USER_PATHS = NO;
				CLANG_ANALYZER_NONNULL = YES;
				CLANG_ANALYZER_NUMBER_OBJECT_CONVERSION = YES_AGGRESSIVE;
				CLANG_CXX_LANGUAGE_STANDARD = "gnu++14";
				CLANG_CXX_LIBRARY = "libc++";
				CLANG_ENABLE_MODULES = YES;
				CLANG_ENABLE_OBJC_ARC = YES;
				CLANG_ENABLE_OBJC_WEAK = YES;
				CLANG_WARN_BLOCK_CAPTURE_AUTORELEASING = YES;
				CLANG_WARN_BOOL_CONVERSION = YES;
				CLANG_WARN_COMMA = YES;
				CLANG_WARN_CONSTANT_CONVERSION = YES;
				CLANG_WARN_DEPRECATED_OBJC_IMPLEMENTATIONS = YES;
				CLANG_WARN_DIRECT_OBJC_ISA_USAGE = YES_ERROR;
				CLANG_WARN_DOCUMENTATION_COMMENTS = YES;
				CLANG_WARN_EMPTY_BODY = YES;
				CLANG_WARN_ENUM_CONVERSION = YES;
				CLANG_WARN_INFINITE_RECURSION = YES;
				CLANG_WARN_INT_CONVERSION = YES;
				CLANG_WARN_NON_LITERAL_NULL_CONVERSION = YES;
				CLANG_WARN_OBJC_IMPLICIT_RETAIN_SELF = YES;
				CLANG_WARN_OBJC_LITERAL_CONVERSION = YES;
				CLANG_WARN_OBJC_ROOT_CLASS = YES_ERROR;
				CLANG_WARN_RANGE_LOOP_ANALYSIS = YES;
				CLANG_WARN_STRICT_PROTOTYPES = YES;
				CLANG_WARN_SUSPICIOUS_MOVE = YES;
				CLANG_WARN_UNGUARDED_AVAILABILITY = YES_AGGRESSIVE;
				CLANG_WARN_UNREACHABLE_CODE = YES;
				CLANG_WARN__DUPLICATE_METHOD_MATCH = YES;
				CODE_SIGN_IDENTITY = "iPhone Developer";
				COPY_PHASE_STRIP = NO;
				DEBUG_INFORMATION_FORMAT = "dwarf-with-dsym";
				ENABLE_NS_ASSERTIONS = NO;
				ENABLE_STRICT_OBJC_MSGSEND = YES;
				GCC_C_LANGUAGE_STANDARD = gnu11;
				GCC_NO_COMMON_BLOCKS = YES;
				GCC_WARN_64_TO_32_BIT_CONVERSION = YES;
				GCC_WARN_ABOUT_RETURN_TYPE = YES_ERROR;
				GCC_WARN_UNDECLARED_SELECTOR = YES;
				GCC_WARN_UNINITIALIZED_AUTOS = YES_AGGRESSIVE;
				GCC_WARN_UNUSED_FUNCTION = YES;
				GCC_WARN_UNUSED_VARIABLE = YES;
				IPHONEOS_DEPLOYMENT_TARGET = 11.4;
				MTL_ENABLE_DEBUG_INFO = NO;
				SDKROOT = iphoneos;
				SWIFT_COMPILATION_MODE = wholemodule;
				SWIFT_OPTIMIZATION_LEVEL = "-O";
				VALIDATE_PRODUCT = YES;
			};
			name = Release;
		};
		E0864E0121549C1500C951CB /* Debug */ = {
			isa = XCBuildConfiguration;
			baseConfigurationReference = F74BE8D5428CDA894277FD87 /* Pods-Swift_Project.debug.xcconfig */;
			buildSettings = {
				ASSETCATALOG_COMPILER_APPICON_NAME = AppIcon;
				CODE_SIGN_STYLE = Automatic;
				DEVELOPMENT_TEAM = UP23SS576K;
				INFOPLIST_FILE = Swift_Project/Info.plist;
				IPHONEOS_DEPLOYMENT_TARGET = 9.0;
				LD_RUNPATH_SEARCH_PATHS = (
					"$(inherited)",
					"@executable_path/Frameworks",
				);
				PRODUCT_BUNDLE_IDENTIFIER = "HongpengYu.Swift-Project";
				PRODUCT_NAME = "$(TARGET_NAME)";
				SWIFT_VERSION = 4.0;
				TARGETED_DEVICE_FAMILY = "1,2";
			};
			name = Debug;
		};
		E0864E0221549C1500C951CB /* Release */ = {
			isa = XCBuildConfiguration;
			baseConfigurationReference = 3BC3332FD2268143FFB89AEE /* Pods-Swift_Project.release.xcconfig */;
			buildSettings = {
				ASSETCATALOG_COMPILER_APPICON_NAME = AppIcon;
				CODE_SIGN_STYLE = Automatic;
				DEVELOPMENT_TEAM = UP23SS576K;
				INFOPLIST_FILE = Swift_Project/Info.plist;
				IPHONEOS_DEPLOYMENT_TARGET = 9.0;
				LD_RUNPATH_SEARCH_PATHS = (
					"$(inherited)",
					"@executable_path/Frameworks",
				);
				PRODUCT_BUNDLE_IDENTIFIER = "HongpengYu.Swift-Project";
				PRODUCT_NAME = "$(TARGET_NAME)";
				SWIFT_VERSION = 4.0;
				TARGETED_DEVICE_FAMILY = "1,2";
			};
			name = Release;
		};
		E0864E0421549C1500C951CB /* Debug */ = {
			isa = XCBuildConfiguration;
			baseConfigurationReference = 2D175C8CC9EFB7AD15C3A56F /* Pods-Swift_ProjectTests.debug.xcconfig */;
			buildSettings = {
				ALWAYS_EMBED_SWIFT_STANDARD_LIBRARIES = YES;
				BUNDLE_LOADER = "$(TEST_HOST)";
				CODE_SIGN_STYLE = Automatic;
				DEVELOPMENT_TEAM = UP23SS576K;
				INFOPLIST_FILE = Swift_ProjectTests/Info.plist;
				LD_RUNPATH_SEARCH_PATHS = (
					"$(inherited)",
					"@executable_path/Frameworks",
					"@loader_path/Frameworks",
				);
				PRODUCT_BUNDLE_IDENTIFIER = "HongpengYu.Swift-ProjectTests";
				PRODUCT_NAME = "$(TARGET_NAME)";
				SWIFT_VERSION = 4.0;
				TARGETED_DEVICE_FAMILY = "1,2";
				TEST_HOST = "$(BUILT_PRODUCTS_DIR)/Swift_Project.app/Swift_Project";
			};
			name = Debug;
		};
		E0864E0521549C1500C951CB /* Release */ = {
			isa = XCBuildConfiguration;
			baseConfigurationReference = 72D7FFD5CD5BFE86C57A9D48 /* Pods-Swift_ProjectTests.release.xcconfig */;
			buildSettings = {
				ALWAYS_EMBED_SWIFT_STANDARD_LIBRARIES = YES;
				BUNDLE_LOADER = "$(TEST_HOST)";
				CODE_SIGN_STYLE = Automatic;
				DEVELOPMENT_TEAM = UP23SS576K;
				INFOPLIST_FILE = Swift_ProjectTests/Info.plist;
				LD_RUNPATH_SEARCH_PATHS = (
					"$(inherited)",
					"@executable_path/Frameworks",
					"@loader_path/Frameworks",
				);
				PRODUCT_BUNDLE_IDENTIFIER = "HongpengYu.Swift-ProjectTests";
				PRODUCT_NAME = "$(TARGET_NAME)";
				SWIFT_VERSION = 4.0;
				TARGETED_DEVICE_FAMILY = "1,2";
				TEST_HOST = "$(BUILT_PRODUCTS_DIR)/Swift_Project.app/Swift_Project";
			};
			name = Release;
		};
		E0864E0721549C1500C951CB /* Debug */ = {
			isa = XCBuildConfiguration;
			baseConfigurationReference = FC3967F8037C05D23C0369F0 /* Pods-Swift_ProjectUITests.debug.xcconfig */;
			buildSettings = {
				ALWAYS_EMBED_SWIFT_STANDARD_LIBRARIES = YES;
				CODE_SIGN_STYLE = Automatic;
				DEVELOPMENT_TEAM = UP23SS576K;
				INFOPLIST_FILE = Swift_ProjectUITests/Info.plist;
				LD_RUNPATH_SEARCH_PATHS = (
					"$(inherited)",
					"@executable_path/Frameworks",
					"@loader_path/Frameworks",
				);
				PRODUCT_BUNDLE_IDENTIFIER = "HongpengYu.Swift-ProjectUITests";
				PRODUCT_NAME = "$(TARGET_NAME)";
				SWIFT_VERSION = 4.0;
				TARGETED_DEVICE_FAMILY = "1,2";
				TEST_TARGET_NAME = Swift_Project;
			};
			name = Debug;
		};
		E0864E0821549C1500C951CB /* Release */ = {
			isa = XCBuildConfiguration;
			baseConfigurationReference = 500CC4BBB9D237F9E25C64DE /* Pods-Swift_ProjectUITests.release.xcconfig */;
			buildSettings = {
				ALWAYS_EMBED_SWIFT_STANDARD_LIBRARIES = YES;
				CODE_SIGN_STYLE = Automatic;
				DEVELOPMENT_TEAM = UP23SS576K;
				INFOPLIST_FILE = Swift_ProjectUITests/Info.plist;
				LD_RUNPATH_SEARCH_PATHS = (
					"$(inherited)",
					"@executable_path/Frameworks",
					"@loader_path/Frameworks",
				);
				PRODUCT_BUNDLE_IDENTIFIER = "HongpengYu.Swift-ProjectUITests";
				PRODUCT_NAME = "$(TARGET_NAME)";
				SWIFT_VERSION = 4.0;
				TARGETED_DEVICE_FAMILY = "1,2";
				TEST_TARGET_NAME = Swift_Project;
			};
			name = Release;
		};
/* End XCBuildConfiguration section */

/* Begin XCConfigurationList section */
		E0864DD321549C1200C951CB /* Build configuration list for PBXProject "Swift_Project" */ = {
			isa = XCConfigurationList;
			buildConfigurations = (
				E0864DFE21549C1500C951CB /* Debug */,
				E0864DFF21549C1500C951CB /* Release */,
			);
			defaultConfigurationIsVisible = 0;
			defaultConfigurationName = Release;
		};
		E0864E0021549C1500C951CB /* Build configuration list for PBXNativeTarget "Swift_Project" */ = {
			isa = XCConfigurationList;
			buildConfigurations = (
				E0864E0121549C1500C951CB /* Debug */,
				E0864E0221549C1500C951CB /* Release */,
			);
			defaultConfigurationIsVisible = 0;
			defaultConfigurationName = Release;
		};
		E0864E0321549C1500C951CB /* Build configuration list for PBXNativeTarget "Swift_ProjectTests" */ = {
			isa = XCConfigurationList;
			buildConfigurations = (
				E0864E0421549C1500C951CB /* Debug */,
				E0864E0521549C1500C951CB /* Release */,
			);
			defaultConfigurationIsVisible = 0;
			defaultConfigurationName = Release;
		};
		E0864E0621549C1500C951CB /* Build configuration list for PBXNativeTarget "Swift_ProjectUITests" */ = {
			isa = XCConfigurationList;
			buildConfigurations = (
				E0864E0721549C1500C951CB /* Debug */,
				E0864E0821549C1500C951CB /* Release */,
			);
			defaultConfigurationIsVisible = 0;
			defaultConfigurationName = Release;
		};
/* End XCConfigurationList section */
	};
	rootObject = E0864DD021549C1200C951CB /* Project object */;
}
